
Microsoft Visual Studio Solution File, Format Version 12.00
# Visual Studio Version 16
VisualStudioVersion = 25.0.1706.1
MinimumVisualStudioVersion = 10.0.40219.1
Project("{FAE04EC0-301F-11D3-BF4B-00C04F79EFBC}") = "ClassWorkCastingGenererics", "ClassWorkCastingGenererics\ClassWorkCastingGenererics.csproj", "{A2EE34D7-47B3-41A9-AE24-FE138A0CA8A3}"
EndProject
Global
	GlobalSection(SolutionConfigurationPlatforms) = preSolution
		Debug|Any CPU = Debug|Any CPU
		Release|Any CPU = Release|Any CPU
	EndGlobalSection
	GlobalSection(ProjectConfigurationPlatforms) = postSolution
		{A2EE34D7-47B3-41A9-AE24-FE138A0CA8A3}.Debug|Any CPU.ActiveCfg = Debug|Any CPU
		{A2EE34D7-47B3-41A9-AE24-FE138A0CA8A3}.Debug|Any CPU.Build.0 = Debug|Any CPU
		{A2EE34D7-47B3-41A9-AE24-FE138A0CA8A3}.Release|Any CPU.ActiveCfg = Release|Any CPU
		{A2EE34D7-47B3-41A9-AE24-FE138A0CA8A3}.Release|Any CPU.Build.0 = Release|Any CPU
	EndGlobalSection
	GlobalSection(SolutionProperties) = preSolution
		HideSolutionNode = FALSE
	EndGlobalSection
	GlobalSection(ExtensibilityGlobals) = postSolution
		SolutionGuid = {7587F60C-A758-41A9-AB4B-3162102F06B0}
	EndGlobalSection
EndGlobal
